dependencies:
  espressif/cjson:
    component_hash: e788323270d90738662d66fffa910bfe1fba019bba087f01557e70c40485b469
    dependencies:
    - name: idf
      require: private
      version: '>=5.0'
    source:
      registry_url: https://components.espressif.com/
      type: service
    version: 1.7.19~2
  espressif/ds18b20:
    component_hash: 05745ed2a307aa3a1f67698a02713bec8da19537912bf7c58578694ff05ab3b8
    dependencies:
    - name: espressif/onewire_bus
      registry_url: https://components.espressif.com
      require: private
      version: ^1.1.0
    source:
      registry_url: https://components.espressif.com/
      type: service
    version: 0.3.1~1
  espressif/onewire_bus:
    component_hash: a85dc1ceb71fb87af77c57d5fd4e6f48a504de1fc2b83fc302ec0cea331d05ce
    dependencies:
    - name: idf
      require: private
      version: '>=5.0'
    source:
      registry_url: https://components.espressif.com
      type: service
    version: 1.1.1
  idf:
    source:
      type: idf
    version: 6.0.1
direct_dependencies:
- espressif/cjson
- espressif/ds18b20
manifest_hash: 9fc0850fcf7c3ac7d17534a2b41539ca961961f0777a39f71f3ba7d04bae9ee2
target: esp32c3
version: 2.0.0
